{
  "version": 4,
  "terraform_version": "1.1.7",
  "serial": 143,
  "lineage": "5ddd6c23-d5a4-bbe9-11a7-5320e12f13b0",
  "outputs": {},
  "resources": [
    {
      "mode": "managed",
      "type": "azurerm_network_interface",
      "name": "nic-aulainfra",
      "provider": "provider[\"registry.terraform.io/hashicorp/azurerm\"]",
      "instances": [
        {
          "schema_version": 0,
          "attributes": {
            "applied_dns_servers": [],
            "dns_servers": [],
            "edge_zone": "",
            "enable_accelerated_networking": false,
            "enable_ip_forwarding": false,
            "id": "/subscriptions/388d6251-b713-48b4-8147-989ff8474af8/resourceGroups/aulainfracloudterraform/providers/Microsoft.Network/networkInterfaces/nic-aula",
            "internal_dns_name_label": "",
            "internal_domain_name_suffix": "tjthu1gydeie3lq1wej5spufve.px.internal.cloudapp.net",
            "ip_configuration": [
              {
                "gateway_load_balancer_frontend_ip_configuration_id": "",
                "name": "ip-aula-nic",
                "primary": true,
                "private_ip_address": "10.0.1.4",
                "private_ip_address_allocation": "Dynamic",
                "private_ip_address_version": "IPv4",
                "public_ip_address_id": "/subscriptions/388d6251-b713-48b4-8147-989ff8474af8/resourceGroups/aulainfracloudterraform/providers/Microsoft.Network/publicIPAddresses/ip-aula",
                "subnet_id": "/subscriptions/388d6251-b713-48b4-8147-989ff8474af8/resourceGroups/aulainfracloudterraform/providers/Microsoft.Network/virtualNetworks/vnet-aulainfra-network/subnets/sub-aula"
              }
            ],
            "location": "australiaeast",
            "mac_address": "00-0D-3A-D2-28-95",
            "name": "nic-aula",
            "private_ip_address": "10.0.1.4",
            "private_ip_addresses": [
              "10.0.1.4"
            ],
            "resource_group_name": "aulainfracloudterraform",
            "tags": {},
            "timeouts": null,
            "virtual_machine_id": "/subscriptions/388d6251-b713-48b4-8147-989ff8474af8/resourceGroups/aulainfracloudterraform/providers/Microsoft.Compute/virtualMachines/vm-aula"
          },
          "sensitive_attributes": [],
          "private": "eyJlMmJmYjczMC1lY2FhLTExZTYtOGY4OC0zNDM2M2JjN2M0YzAiOnsiY3JlYXRlIjoxODAwMDAwMDAwMDAwLCJkZWxldGUiOjE4MDAwMDAwMDAwMDAsInJlYWQiOjMwMDAwMDAwMDAwMCwidXBkYXRlIjoxODAwMDAwMDAwMDAwfX0=",
          "dependencies": [
            "azurerm_public_ip.ip-aulainfra",
            "azurerm_resource_group.aulainfracloud",
            "azurerm_subnet.sub-aulainfra",
            "azurerm_virtual_network.vnet-aulainfra"
          ]
        }
      ]
    },
    {
      "mode": "managed",
      "type": "azurerm_network_interface_security_group_association",
      "name": "example",
      "provider": "provider[\"registry.terraform.io/hashicorp/azurerm\"]",
      "instances": [
        {
          "schema_version": 0,
          "attributes": {
            "id": "/subscriptions/388d6251-b713-48b4-8147-989ff8474af8/resourceGroups/aulainfracloudterraform/providers/Microsoft.Network/networkInterfaces/nic-aula|/subscriptions/388d6251-b713-48b4-8147-989ff8474af8/resourceGroups/aulainfracloudterraform/providers/Microsoft.Network/networkSecurityGroups/nsg-aula",
            "network_interface_id": "/subscriptions/388d6251-b713-48b4-8147-989ff8474af8/resourceGroups/aulainfracloudterraform/providers/Microsoft.Network/networkInterfaces/nic-aula",
            "network_security_group_id": "/subscriptions/388d6251-b713-48b4-8147-989ff8474af8/resourceGroups/aulainfracloudterraform/providers/Microsoft.Network/networkSecurityGroups/nsg-aula",
            "timeouts": null
          },
          "sensitive_attributes": [],
          "private": "eyJlMmJmYjczMC1lY2FhLTExZTYtOGY4OC0zNDM2M2JjN2M0YzAiOnsiY3JlYXRlIjoxODAwMDAwMDAwMDAwLCJkZWxldGUiOjE4MDAwMDAwMDAwMDAsInJlYWQiOjMwMDAwMDAwMDAwMCwidXBkYXRlIjoxODAwMDAwMDAwMDAwfX0=",
          "dependencies": [
            "azurerm_network_interface.nic-aulainfra",
            "azurerm_network_security_group.nsg-aulainfra",
            "azurerm_public_ip.ip-aulainfra",
            "azurerm_resource_group.aulainfracloud",
            "azurerm_subnet.sub-aulainfra",
            "azurerm_virtual_network.vnet-aulainfra"
          ]
        }
      ]
    },
    {
      "mode": "managed",
      "type": "azurerm_network_security_group",
      "name": "nsg-aulainfra",
      "provider": "provider[\"registry.terraform.io/hashicorp/azurerm\"]",
      "instances": [
        {
          "schema_version": 0,
          "attributes": {
            "id": "/subscriptions/388d6251-b713-48b4-8147-989ff8474af8/resourceGroups/aulainfracloudterraform/providers/Microsoft.Network/networkSecurityGroups/nsg-aula",
            "location": "australiaeast",
            "name": "nsg-aula",
            "resource_group_name": "aulainfracloudterraform",
            "security_rule": [
              {
                "access": "Allow",
                "description": "",
                "destination_address_prefix": "*",
                "destination_address_prefixes": [],
                "destination_application_security_group_ids": [],
                "destination_port_range": "22",
                "destination_port_ranges": [],
                "direction": "Inbound",
                "name": "SSH",
                "priority": 1001,
                "protocol": "Tcp",
                "source_address_prefix": "*",
                "source_address_prefixes": [],
                "source_application_security_group_ids": [],
                "source_port_range": "*",
                "source_port_ranges": []
              }
            ],
            "tags": {
              "environment": "Production"
            },
            "timeouts": null
          },
          "sensitive_attributes": [],
          "private": "eyJlMmJmYjczMC1lY2FhLTExZTYtOGY4OC0zNDM2M2JjN2M0YzAiOnsiY3JlYXRlIjoxODAwMDAwMDAwMDAwLCJkZWxldGUiOjE4MDAwMDAwMDAwMDAsInJlYWQiOjMwMDAwMDAwMDAwMCwidXBkYXRlIjoxODAwMDAwMDAwMDAwfX0=",
          "dependencies": [
            "azurerm_resource_group.aulainfracloud"
          ]
        }
      ]
    },
    {
      "mode": "managed",
      "type": "azurerm_public_ip",
      "name": "ip-aulainfra",
      "provider": "provider[\"registry.terraform.io/hashicorp/azurerm\"]",
      "instances": [
        {
          "schema_version": 0,
          "attributes": {
            "allocation_method": "Static",
            "domain_name_label": null,
            "edge_zone": "",
            "fqdn": null,
            "id": "/subscriptions/388d6251-b713-48b4-8147-989ff8474af8/resourceGroups/aulainfracloudterraform/providers/Microsoft.Network/publicIPAddresses/ip-aula",
            "idle_timeout_in_minutes": 4,
            "ip_address": "20.211.1.72",
            "ip_tags": {},
            "ip_version": "IPv4",
            "location": "australiaeast",
            "name": "ip-aula",
            "public_ip_prefix_id": null,
            "resource_group_name": "aulainfracloudterraform",
            "reverse_fqdn": null,
            "sku": "Basic",
            "sku_tier": "Regional",
            "tags": {
              "environment": "Production"
            },
            "timeouts": null,
            "zones": []
          },
          "sensitive_attributes": [],
          "private": "eyJlMmJmYjczMC1lY2FhLTExZTYtOGY4OC0zNDM2M2JjN2M0YzAiOnsiY3JlYXRlIjoxODAwMDAwMDAwMDAwLCJkZWxldGUiOjE4MDAwMDAwMDAwMDAsInJlYWQiOjMwMDAwMDAwMDAwMCwidXBkYXRlIjoxODAwMDAwMDAwMDAwfX0=",
          "dependencies": [
            "azurerm_resource_group.aulainfracloud"
          ]
        }
      ]
    },
    {
      "mode": "managed",
      "type": "azurerm_resource_group",
      "name": "aulainfracloud",
      "provider": "provider[\"registry.terraform.io/hashicorp/azurerm\"]",
      "instances": [
        {
          "schema_version": 0,
          "attributes": {
            "id": "/subscriptions/388d6251-b713-48b4-8147-989ff8474af8/resourceGroups/aulainfracloudterraform",
            "location": "australiaeast",
            "name": "aulainfracloudterraform",
            "tags": {},
            "timeouts": null
          },
          "sensitive_attributes": [],
          "private": "eyJlMmJmYjczMC1lY2FhLTExZTYtOGY4OC0zNDM2M2JjN2M0YzAiOnsiY3JlYXRlIjo1NDAwMDAwMDAwMDAwLCJkZWxldGUiOjU0MDAwMDAwMDAwMDAsInJlYWQiOjMwMDAwMDAwMDAwMCwidXBkYXRlIjo1NDAwMDAwMDAwMDAwfX0="
        }
      ]
    },
    {
      "mode": "managed",
      "type": "azurerm_subnet",
      "name": "sub-aulainfra",
      "provider": "provider[\"registry.terraform.io/hashicorp/azurerm\"]",
      "instances": [
        {
          "schema_version": 0,
          "attributes": {
            "address_prefixes": [
              "10.0.1.0/24"
            ],
            "delegation": [],
            "enforce_private_link_endpoint_network_policies": false,
            "enforce_private_link_service_network_policies": false,
            "id": "/subscriptions/388d6251-b713-48b4-8147-989ff8474af8/resourceGroups/aulainfracloudterraform/providers/Microsoft.Network/virtualNetworks/vnet-aulainfra-network/subnets/sub-aula",
            "name": "sub-aula",
            "resource_group_name": "aulainfracloudterraform",
            "service_endpoint_policy_ids": [],
            "service_endpoints": [],
            "timeouts": null,
            "virtual_network_name": "vnet-aulainfra-network"
          },
          "sensitive_attributes": [],
          "private": "eyJlMmJmYjczMC1lY2FhLTExZTYtOGY4OC0zNDM2M2JjN2M0YzAiOnsiY3JlYXRlIjoxODAwMDAwMDAwMDAwLCJkZWxldGUiOjE4MDAwMDAwMDAwMDAsInJlYWQiOjMwMDAwMDAwMDAwMCwidXBkYXRlIjoxODAwMDAwMDAwMDAwfX0=",
          "dependencies": [
            "azurerm_resource_group.aulainfracloud",
            "azurerm_virtual_network.vnet-aulainfra"
          ]
        }
      ]
    },
    {
      "mode": "managed",
      "type": "azurerm_virtual_machine",
      "name": "vm_aulainfra",
      "provider": "provider[\"registry.terraform.io/hashicorp/azurerm\"]",
      "instances": [
        {
          "schema_version": 0,
          "attributes": {
            "additional_capabilities": [],
            "availability_set_id": null,
            "boot_diagnostics": [],
            "delete_data_disks_on_termination": false,
            "delete_os_disk_on_termination": false,
            "id": "/subscriptions/388d6251-b713-48b4-8147-989ff8474af8/resourceGroups/aulainfracloudterraform/providers/Microsoft.Compute/virtualMachines/vm-aula",
            "identity": [],
            "license_type": null,
            "location": "australiaeast",
            "name": "vm-aula",
            "network_interface_ids": [
              "/subscriptions/388d6251-b713-48b4-8147-989ff8474af8/resourceGroups/aulainfracloudterraform/providers/Microsoft.Network/networkInterfaces/nic-aula"
            ],
            "os_profile": [
              {
                "admin_password": "",
                "admin_username": "testadmin",
                "computer_name": "hostname",
                "custom_data": ""
              }
            ],
            "os_profile_linux_config": [
              {
                "disable_password_authentication": false,
                "ssh_keys": []
              }
            ],
            "os_profile_secrets": [],
            "os_profile_windows_config": [],
            "plan": [],
            "primary_network_interface_id": null,
            "proximity_placement_group_id": null,
            "resource_group_name": "aulainfracloudterraform",
            "storage_data_disk": [],
            "storage_image_reference": [
              {
                "id": "",
                "offer": "UbuntuServer",
                "publisher": "Canonical",
                "sku": "16.04-LTS",
                "version": "latest"
              }
            ],
            "storage_os_disk": [
              {
                "caching": "ReadWrite",
                "create_option": "FromImage",
                "disk_size_gb": 30,
                "image_uri": "",
                "managed_disk_id": "/subscriptions/388d6251-b713-48b4-8147-989ff8474af8/resourceGroups/aulainfracloudterraform/providers/Microsoft.Compute/disks/myosdisk1",
                "managed_disk_type": "Standard_LRS",
                "name": "myosdisk1",
                "os_type": "Linux",
                "vhd_uri": "",
                "write_accelerator_enabled": false
              }
            ],
            "tags": {
              "environment": "staging"
            },
            "timeouts": null,
            "vm_size": "Standard_D2s_v3",
            "zones": []
          },
          "sensitive_attributes": [],
          "private": "eyJlMmJmYjczMC1lY2FhLTExZTYtOGY4OC0zNDM2M2JjN2M0YzAiOnsiY3JlYXRlIjozNjAwMDAwMDAwMDAwLCJkZWxldGUiOjM2MDAwMDAwMDAwMDAsInJlYWQiOjMwMDAwMDAwMDAwMCwidXBkYXRlIjozNjAwMDAwMDAwMDAwfX0=",
          "dependencies": [
            "azurerm_network_interface.nic-aulainfra",
            "azurerm_public_ip.ip-aulainfra",
            "azurerm_resource_group.aulainfracloud",
            "azurerm_subnet.sub-aulainfra",
            "azurerm_virtual_network.vnet-aulainfra"
          ]
        }
      ]
    },
    {
      "mode": "managed",
      "type": "azurerm_virtual_network",
      "name": "vnet-aulainfra",
      "provider": "provider[\"registry.terraform.io/hashicorp/azurerm\"]",
      "instances": [
        {
          "schema_version": 0,
          "attributes": {
            "address_space": [
              "10.0.0.0/16"
            ],
            "bgp_community": "",
            "ddos_protection_plan": [],
            "dns_servers": [],
            "edge_zone": "",
            "flow_timeout_in_minutes": 0,
            "guid": "6c7a669a-19d8-4e10-ae1b-b113f93e85ac",
            "id": "/subscriptions/388d6251-b713-48b4-8147-989ff8474af8/resourceGroups/aulainfracloudterraform/providers/Microsoft.Network/virtualNetworks/vnet-aulainfra-network",
            "location": "australiaeast",
            "name": "vnet-aulainfra-network",
            "resource_group_name": "aulainfracloudterraform",
            "subnet": [
              {
                "address_prefix": "10.0.1.0/24",
                "id": "/subscriptions/388d6251-b713-48b4-8147-989ff8474af8/resourceGroups/aulainfracloudterraform/providers/Microsoft.Network/virtualNetworks/vnet-aulainfra-network/subnets/sub-aula",
                "name": "sub-aula",
                "security_group": ""
              }
            ],
            "tags": {
              "aluno": "Roberson",
              "environment": "Production",
              "faculdade": "Impacta",
              "turma": "ES23"
            },
            "timeouts": null
          },
          "sensitive_attributes": [],
          "private": "eyJlMmJmYjczMC1lY2FhLTExZTYtOGY4OC0zNDM2M2JjN2M0YzAiOnsiY3JlYXRlIjoxODAwMDAwMDAwMDAwLCJkZWxldGUiOjE4MDAwMDAwMDAwMDAsInJlYWQiOjMwMDAwMDAwMDAwMCwidXBkYXRlIjoxODAwMDAwMDAwMDAwfX0=",
          "dependencies": [
            "azurerm_resource_group.aulainfracloud"
          ]
        }
      ]
    }
  ]
}
