{
  "version": 4,
  "terraform_version": "1.1.7",
  "serial": 156,
  "lineage": "5ddd6c23-d5a4-bbe9-11a7-5320e12f13b0",
  "outputs": {},
  "resources": [
    {
      "mode": "data",
      "type": "azurerm_public_ip",
      "name": "ip-tarefa",
      "provider": "provider[\"registry.terraform.io/hashicorp/azurerm\"]",
      "instances": [
        {
          "schema_version": 0,
          "attributes": {
            "allocation_method": "Static",
            "domain_name_label": "",
            "fqdn": "",
            "id": "/subscriptions/388d6251-b713-48b4-8147-989ff8474af8/resourceGroups/infracloudtarefaterraform/providers/Microsoft.Network/publicIPAddresses/ip-tarefa",
            "idle_timeout_in_minutes": 4,
            "ip_address": "40.126.230.213",
            "ip_tags": {},
            "ip_version": "IPv4",
            "location": "australiaeast",
            "name": "ip-tarefa",
            "resource_group_name": "infracloudtarefaterraform",
            "reverse_fqdn": "",
            "sku": "Basic",
            "tags": {
              "environment": "Production"
            },
            "timeouts": null,
            "zones": []
          },
          "sensitive_attributes": []
        }
      ]
    },
    {
      "mode": "managed",
      "type": "azurerm_network_interface",
      "name": "nic-tarefainfra",
      "provider": "provider[\"registry.terraform.io/hashicorp/azurerm\"]",
      "instances": [
        {
          "schema_version": 0,
          "attributes": {
            "applied_dns_servers": [],
            "dns_servers": [],
            "edge_zone": "",
            "enable_accelerated_networking": false,
            "enable_ip_forwarding": false,
            "id": "/subscriptions/388d6251-b713-48b4-8147-989ff8474af8/resourceGroups/infracloudtarefaterraform/providers/Microsoft.Network/networkInterfaces/nic-tarefa",
            "internal_dns_name_label": "",
            "internal_domain_name_suffix": "cgm21icud1zephs5h2vkili4rd.px.internal.cloudapp.net",
            "ip_configuration": [
              {
                "gateway_load_balancer_frontend_ip_configuration_id": "",
                "name": "ip-tarefa-nic",
                "primary": true,
                "private_ip_address": "10.0.1.4",
                "private_ip_address_allocation": "Dynamic",
                "private_ip_address_version": "IPv4",
                "public_ip_address_id": "/subscriptions/388d6251-b713-48b4-8147-989ff8474af8/resourceGroups/infracloudtarefaterraform/providers/Microsoft.Network/publicIPAddresses/ip-tarefa",
                "subnet_id": "/subscriptions/388d6251-b713-48b4-8147-989ff8474af8/resourceGroups/infracloudtarefaterraform/providers/Microsoft.Network/virtualNetworks/vnet-tarefa/subnets/sub-tarefa"
              }
            ],
            "location": "australiaeast",
            "mac_address": "",
            "name": "nic-tarefa",
            "private_ip_address": "10.0.1.4",
            "private_ip_addresses": [
              "10.0.1.4"
            ],
            "resource_group_name": "infracloudtarefaterraform",
            "tags": null,
            "timeouts": null,
            "virtual_machine_id": ""
          },
          "sensitive_attributes": [],
          "private": "eyJlMmJmYjczMC1lY2FhLTExZTYtOGY4OC0zNDM2M2JjN2M0YzAiOnsiY3JlYXRlIjoxODAwMDAwMDAwMDAwLCJkZWxldGUiOjE4MDAwMDAwMDAwMDAsInJlYWQiOjMwMDAwMDAwMDAwMCwidXBkYXRlIjoxODAwMDAwMDAwMDAwfX0=",
          "dependencies": [
            "azurerm_public_ip.ip-tarefainfra",
            "azurerm_resource_group.rg-tarefainfracloud",
            "azurerm_subnet.sub-tarefainfra",
            "azurerm_virtual_network.vnet-tarefainfra"
          ]
        }
      ]
    },
    {
      "mode": "managed",
      "type": "azurerm_network_interface_security_group_association",
      "name": "nic-nsg-tarefainfra",
      "provider": "provider[\"registry.terraform.io/hashicorp/azurerm\"]",
      "instances": [
        {
          "schema_version": 0,
          "attributes": {
            "id": "/subscriptions/388d6251-b713-48b4-8147-989ff8474af8/resourceGroups/infracloudtarefaterraform/providers/Microsoft.Network/networkInterfaces/nic-tarefa|/subscriptions/388d6251-b713-48b4-8147-989ff8474af8/resourceGroups/infracloudtarefaterraform/providers/Microsoft.Network/networkSecurityGroups/nsg-tarefa",
            "network_interface_id": "/subscriptions/388d6251-b713-48b4-8147-989ff8474af8/resourceGroups/infracloudtarefaterraform/providers/Microsoft.Network/networkInterfaces/nic-tarefa",
            "network_security_group_id": "/subscriptions/388d6251-b713-48b4-8147-989ff8474af8/resourceGroups/infracloudtarefaterraform/providers/Microsoft.Network/networkSecurityGroups/nsg-tarefa",
            "timeouts": null
          },
          "sensitive_attributes": [],
          "private": "eyJlMmJmYjczMC1lY2FhLTExZTYtOGY4OC0zNDM2M2JjN2M0YzAiOnsiY3JlYXRlIjoxODAwMDAwMDAwMDAwLCJkZWxldGUiOjE4MDAwMDAwMDAwMDAsInJlYWQiOjMwMDAwMDAwMDAwMCwidXBkYXRlIjoxODAwMDAwMDAwMDAwfX0=",
          "dependencies": [
            "azurerm_network_interface.nic-tarefainfra",
            "azurerm_network_security_group.nsg-tarefainfra",
            "azurerm_public_ip.ip-tarefainfra",
            "azurerm_resource_group.rg-tarefainfracloud",
            "azurerm_subnet.sub-tarefainfra",
            "azurerm_virtual_network.vnet-tarefainfra"
          ]
        }
      ]
    },
    {
      "mode": "managed",
      "type": "azurerm_network_security_group",
      "name": "nsg-tarefainfra",
      "provider": "provider[\"registry.terraform.io/hashicorp/azurerm\"]",
      "instances": [
        {
          "schema_version": 0,
          "attributes": {
            "id": "/subscriptions/388d6251-b713-48b4-8147-989ff8474af8/resourceGroups/infracloudtarefaterraform/providers/Microsoft.Network/networkSecurityGroups/nsg-tarefa",
            "location": "australiaeast",
            "name": "nsg-tarefa",
            "resource_group_name": "infracloudtarefaterraform",
            "security_rule": [
              {
                "access": "Allow",
                "description": "",
                "destination_address_prefix": "*",
                "destination_address_prefixes": [],
                "destination_application_security_group_ids": [],
                "destination_port_range": "22",
                "destination_port_ranges": [],
                "direction": "Inbound",
                "name": "SSH",
                "priority": 1001,
                "protocol": "Tcp",
                "source_address_prefix": "*",
                "source_address_prefixes": [],
                "source_application_security_group_ids": [],
                "source_port_range": "*",
                "source_port_ranges": []
              },
              {
                "access": "Allow",
                "description": "",
                "destination_address_prefix": "*",
                "destination_address_prefixes": [],
                "destination_application_security_group_ids": [],
                "destination_port_range": "80",
                "destination_port_ranges": [],
                "direction": "Inbound",
                "name": "web",
                "priority": 1003,
                "protocol": "Tcp",
                "source_address_prefix": "*",
                "source_address_prefixes": [],
                "source_application_security_group_ids": [],
                "source_port_range": "*",
                "source_port_ranges": []
              }
            ],
            "tags": {
              "environment": "Production"
            },
            "timeouts": null
          },
          "sensitive_attributes": [],
          "private": "eyJlMmJmYjczMC1lY2FhLTExZTYtOGY4OC0zNDM2M2JjN2M0YzAiOnsiY3JlYXRlIjoxODAwMDAwMDAwMDAwLCJkZWxldGUiOjE4MDAwMDAwMDAwMDAsInJlYWQiOjMwMDAwMDAwMDAwMCwidXBkYXRlIjoxODAwMDAwMDAwMDAwfX0=",
          "dependencies": [
            "azurerm_resource_group.rg-tarefainfracloud"
          ]
        }
      ]
    },
    {
      "mode": "managed",
      "type": "azurerm_public_ip",
      "name": "ip-tarefainfra",
      "provider": "provider[\"registry.terraform.io/hashicorp/azurerm\"]",
      "instances": [
        {
          "schema_version": 0,
          "attributes": {
            "allocation_method": "Static",
            "domain_name_label": null,
            "edge_zone": "",
            "fqdn": null,
            "id": "/subscriptions/388d6251-b713-48b4-8147-989ff8474af8/resourceGroups/infracloudtarefaterraform/providers/Microsoft.Network/publicIPAddresses/ip-tarefa",
            "idle_timeout_in_minutes": 4,
            "ip_address": "40.126.230.213",
            "ip_tags": null,
            "ip_version": "IPv4",
            "location": "australiaeast",
            "name": "ip-tarefa",
            "public_ip_prefix_id": null,
            "resource_group_name": "infracloudtarefaterraform",
            "reverse_fqdn": null,
            "sku": "Basic",
            "sku_tier": "Regional",
            "tags": {
              "environment": "Production"
            },
            "timeouts": null,
            "zones": null
          },
          "sensitive_attributes": [],
          "private": "eyJlMmJmYjczMC1lY2FhLTExZTYtOGY4OC0zNDM2M2JjN2M0YzAiOnsiY3JlYXRlIjoxODAwMDAwMDAwMDAwLCJkZWxldGUiOjE4MDAwMDAwMDAwMDAsInJlYWQiOjMwMDAwMDAwMDAwMCwidXBkYXRlIjoxODAwMDAwMDAwMDAwfX0=",
          "dependencies": [
            "azurerm_resource_group.rg-tarefainfracloud"
          ]
        }
      ]
    },
    {
      "mode": "managed",
      "type": "azurerm_resource_group",
      "name": "rg-tarefainfracloud",
      "provider": "provider[\"registry.terraform.io/hashicorp/azurerm\"]",
      "instances": [
        {
          "schema_version": 0,
          "attributes": {
            "id": "/subscriptions/388d6251-b713-48b4-8147-989ff8474af8/resourceGroups/infracloudtarefaterraform",
            "location": "australiaeast",
            "name": "infracloudtarefaterraform",
            "tags": null,
            "timeouts": null
          },
          "sensitive_attributes": [],
          "private": "eyJlMmJmYjczMC1lY2FhLTExZTYtOGY4OC0zNDM2M2JjN2M0YzAiOnsiY3JlYXRlIjo1NDAwMDAwMDAwMDAwLCJkZWxldGUiOjU0MDAwMDAwMDAwMDAsInJlYWQiOjMwMDAwMDAwMDAwMCwidXBkYXRlIjo1NDAwMDAwMDAwMDAwfX0="
        }
      ]
    },
    {
      "mode": "managed",
      "type": "azurerm_storage_account",
      "name": "mystorageaccount",
      "provider": "provider[\"registry.terraform.io/hashicorp/azurerm\"]",
      "instances": [
        {
          "schema_version": 3,
          "attributes": {
            "access_tier": "Hot",
            "account_kind": "StorageV2",
            "account_replication_type": "LRS",
            "account_tier": "Standard",
            "allow_nested_items_to_be_public": true,
            "azure_files_authentication": [],
            "blob_properties": [
              {
                "change_feed_enabled": false,
                "container_delete_retention_policy": [],
                "cors_rule": [],
                "default_service_version": "",
                "delete_retention_policy": [],
                "last_access_time_enabled": false,
                "versioning_enabled": false
              }
            ],
            "custom_domain": [],
            "customer_managed_key": [],
            "edge_zone": "",
            "enable_https_traffic_only": true,
            "id": "/subscriptions/388d6251-b713-48b4-8147-989ff8474af8/resourceGroups/infracloudtarefaterraform/providers/Microsoft.Storage/storageAccounts/storageaccountmyvmtarefa",
            "identity": [],
            "infrastructure_encryption_enabled": false,
            "is_hns_enabled": false,
            "large_file_share_enabled": null,
            "location": "australiaeast",
            "min_tls_version": "TLS1_2",
            "name": "storageaccountmyvmtarefa",
            "network_rules": [
              {
                "bypass": [
                  "AzureServices"
                ],
                "default_action": "Allow",
                "ip_rules": [],
                "private_link_access": [],
                "virtual_network_subnet_ids": []
              }
            ],
            "nfsv3_enabled": false,
            "primary_access_key": "mzghaWZesNYX6BVxFvDXkQY3Zabvo7qqiMDRHOlHNpQBnNNxQ0pis81YjbCeB7woW1+g3a+lZ9nNq77zwgI1vw==",
            "primary_blob_connection_string": "DefaultEndpointsProtocol=https;BlobEndpoint=https://storageaccountmyvmtarefa.blob.core.windows.net/;AccountName=storageaccountmyvmtarefa;AccountKey=mzghaWZesNYX6BVxFvDXkQY3Zabvo7qqiMDRHOlHNpQBnNNxQ0pis81YjbCeB7woW1+g3a+lZ9nNq77zwgI1vw==",
            "primary_blob_endpoint": "https://storageaccountmyvmtarefa.blob.core.windows.net/",
            "primary_blob_host": "storageaccountmyvmtarefa.blob.core.windows.net",
            "primary_connection_string": "DefaultEndpointsProtocol=https;AccountName=storageaccountmyvmtarefa;AccountKey=mzghaWZesNYX6BVxFvDXkQY3Zabvo7qqiMDRHOlHNpQBnNNxQ0pis81YjbCeB7woW1+g3a+lZ9nNq77zwgI1vw==;EndpointSuffix=core.windows.net",
            "primary_dfs_endpoint": "https://storageaccountmyvmtarefa.dfs.core.windows.net/",
            "primary_dfs_host": "storageaccountmyvmtarefa.dfs.core.windows.net",
            "primary_file_endpoint": "https://storageaccountmyvmtarefa.file.core.windows.net/",
            "primary_file_host": "storageaccountmyvmtarefa.file.core.windows.net",
            "primary_location": "australiaeast",
            "primary_queue_endpoint": "https://storageaccountmyvmtarefa.queue.core.windows.net/",
            "primary_queue_host": "storageaccountmyvmtarefa.queue.core.windows.net",
            "primary_table_endpoint": "https://storageaccountmyvmtarefa.table.core.windows.net/",
            "primary_table_host": "storageaccountmyvmtarefa.table.core.windows.net",
            "primary_web_endpoint": "https://storageaccountmyvmtarefa.z8.web.core.windows.net/",
            "primary_web_host": "storageaccountmyvmtarefa.z8.web.core.windows.net",
            "queue_encryption_key_type": "Service",
            "queue_properties": [
              {
                "cors_rule": [],
                "hour_metrics": [
                  {
                    "enabled": true,
                    "include_apis": true,
                    "retention_policy_days": 7,
                    "version": "1.0"
                  }
                ],
                "logging": [
                  {
                    "delete": false,
                    "read": false,
                    "retention_policy_days": 0,
                    "version": "1.0",
                    "write": false
                  }
                ],
                "minute_metrics": [
                  {
                    "enabled": false,
                    "include_apis": false,
                    "retention_policy_days": 0,
                    "version": "1.0"
                  }
                ]
              }
            ],
            "resource_group_name": "infracloudtarefaterraform",
            "routing": [],
            "secondary_access_key": "KMyGuRSUOgbmPIcxOw/woAIT1LZY4eRlFH7z/0xBvtvp2YhtZhRkJynBtvWBMguehq0hahn6LYJNejYJvuk9LQ==",
            "secondary_blob_connection_string": "",
            "secondary_blob_endpoint": null,
            "secondary_blob_host": null,
            "secondary_connection_string": "DefaultEndpointsProtocol=https;AccountName=storageaccountmyvmtarefa;AccountKey=KMyGuRSUOgbmPIcxOw/woAIT1LZY4eRlFH7z/0xBvtvp2YhtZhRkJynBtvWBMguehq0hahn6LYJNejYJvuk9LQ==;EndpointSuffix=core.windows.net",
            "secondary_dfs_endpoint": null,
            "secondary_dfs_host": null,
            "secondary_file_endpoint": null,
            "secondary_file_host": null,
            "secondary_location": "",
            "secondary_queue_endpoint": null,
            "secondary_queue_host": null,
            "secondary_table_endpoint": null,
            "secondary_table_host": null,
            "secondary_web_endpoint": null,
            "secondary_web_host": null,
            "share_properties": [
              {
                "cors_rule": [],
                "retention_policy": [
                  {
                    "days": 7
                  }
                ],
                "smb": []
              }
            ],
            "shared_access_key_enabled": true,
            "static_website": [],
            "table_encryption_key_type": "Service",
            "tags": null,
            "timeouts": null
          },
          "sensitive_attributes": [],
          "private": "eyJlMmJmYjczMC1lY2FhLTExZTYtOGY4OC0zNDM2M2JjN2M0YzAiOnsiY3JlYXRlIjozNjAwMDAwMDAwMDAwLCJkZWxldGUiOjM2MDAwMDAwMDAwMDAsInJlYWQiOjMwMDAwMDAwMDAwMCwidXBkYXRlIjozNjAwMDAwMDAwMDAwfSwic2NoZW1hX3ZlcnNpb24iOiIzIn0=",
          "dependencies": [
            "azurerm_resource_group.rg-tarefainfracloud"
          ]
        }
      ]
    },
    {
      "mode": "managed",
      "type": "azurerm_subnet",
      "name": "sub-tarefainfra",
      "provider": "provider[\"registry.terraform.io/hashicorp/azurerm\"]",
      "instances": [
        {
          "schema_version": 0,
          "attributes": {
            "address_prefixes": [
              "10.0.1.0/24"
            ],
            "delegation": [],
            "enforce_private_link_endpoint_network_policies": false,
            "enforce_private_link_service_network_policies": false,
            "id": "/subscriptions/388d6251-b713-48b4-8147-989ff8474af8/resourceGroups/infracloudtarefaterraform/providers/Microsoft.Network/virtualNetworks/vnet-tarefa/subnets/sub-tarefa",
            "name": "sub-tarefa",
            "resource_group_name": "infracloudtarefaterraform",
            "service_endpoint_policy_ids": null,
            "service_endpoints": null,
            "timeouts": null,
            "virtual_network_name": "vnet-tarefa"
          },
          "sensitive_attributes": [],
          "private": "eyJlMmJmYjczMC1lY2FhLTExZTYtOGY4OC0zNDM2M2JjN2M0YzAiOnsiY3JlYXRlIjoxODAwMDAwMDAwMDAwLCJkZWxldGUiOjE4MDAwMDAwMDAwMDAsInJlYWQiOjMwMDAwMDAwMDAwMCwidXBkYXRlIjoxODAwMDAwMDAwMDAwfX0=",
          "dependencies": [
            "azurerm_resource_group.rg-tarefainfracloud",
            "azurerm_virtual_network.vnet-tarefainfra"
          ]
        }
      ]
    },
    {
      "mode": "managed",
      "type": "azurerm_virtual_machine",
      "name": "vm-tarefainfra",
      "provider": "provider[\"registry.terraform.io/hashicorp/azurerm\"]",
      "instances": [
        {
          "schema_version": 0,
          "attributes": {
            "additional_capabilities": [],
            "availability_set_id": null,
            "boot_diagnostics": [],
            "delete_data_disks_on_termination": false,
            "delete_os_disk_on_termination": false,
            "id": "/subscriptions/388d6251-b713-48b4-8147-989ff8474af8/resourceGroups/infracloudtarefaterraform/providers/Microsoft.Compute/virtualMachines/vm-tarefa",
            "identity": [],
            "license_type": null,
            "location": "australiaeast",
            "name": "vm-tarefa",
            "network_interface_ids": [
              "/subscriptions/388d6251-b713-48b4-8147-989ff8474af8/resourceGroups/infracloudtarefaterraform/providers/Microsoft.Network/networkInterfaces/nic-tarefa"
            ],
            "os_profile": [
              {
                "admin_password": "",
                "admin_username": "robersonadmin",
                "computer_name": "hostname",
                "custom_data": ""
              }
            ],
            "os_profile_linux_config": [
              {
                "disable_password_authentication": false,
                "ssh_keys": []
              }
            ],
            "os_profile_secrets": [],
            "os_profile_windows_config": [],
            "plan": [],
            "primary_network_interface_id": null,
            "proximity_placement_group_id": null,
            "resource_group_name": "infracloudtarefaterraform",
            "storage_data_disk": [],
            "storage_image_reference": [
              {
                "id": "",
                "offer": "UbuntuServer",
                "publisher": "Canonical",
                "sku": "16.04-LTS",
                "version": "latest"
              }
            ],
            "storage_os_disk": [
              {
                "caching": "ReadWrite",
                "create_option": "FromImage",
                "disk_size_gb": 30,
                "image_uri": "",
                "managed_disk_id": "/subscriptions/388d6251-b713-48b4-8147-989ff8474af8/resourceGroups/infracloudtarefaterraform/providers/Microsoft.Compute/disks/myosdisk1",
                "managed_disk_type": "Standard_LRS",
                "name": "myosdisk1",
                "os_type": "Linux",
                "vhd_uri": "",
                "write_accelerator_enabled": false
              }
            ],
            "tags": {
              "environment": "staging"
            },
            "timeouts": null,
            "vm_size": "Standard_D2s_v3",
            "zones": null
          },
          "sensitive_attributes": [
            [
              {
                "type": "get_attr",
                "value": "os_profile"
              }
            ]
          ],
          "private": "eyJlMmJmYjczMC1lY2FhLTExZTYtOGY4OC0zNDM2M2JjN2M0YzAiOnsiY3JlYXRlIjozNjAwMDAwMDAwMDAwLCJkZWxldGUiOjM2MDAwMDAwMDAwMDAsInJlYWQiOjMwMDAwMDAwMDAwMCwidXBkYXRlIjozNjAwMDAwMDAwMDAwfX0=",
          "dependencies": [
            "azurerm_network_interface.nic-tarefainfra",
            "azurerm_public_ip.ip-tarefainfra",
            "azurerm_resource_group.rg-tarefainfracloud",
            "azurerm_subnet.sub-tarefainfra",
            "azurerm_virtual_network.vnet-tarefainfra"
          ]
        }
      ]
    },
    {
      "mode": "managed",
      "type": "azurerm_virtual_network",
      "name": "vnet-tarefainfra",
      "provider": "provider[\"registry.terraform.io/hashicorp/azurerm\"]",
      "instances": [
        {
          "schema_version": 0,
          "attributes": {
            "address_space": [
              "10.0.0.0/16"
            ],
            "bgp_community": "",
            "ddos_protection_plan": [],
            "dns_servers": [],
            "edge_zone": "",
            "flow_timeout_in_minutes": 0,
            "guid": "a0cd9911-1e54-47f2-9e5f-3f2aa42d1e8b",
            "id": "/subscriptions/388d6251-b713-48b4-8147-989ff8474af8/resourceGroups/infracloudtarefaterraform/providers/Microsoft.Network/virtualNetworks/vnet-tarefa",
            "location": "australiaeast",
            "name": "vnet-tarefa",
            "resource_group_name": "infracloudtarefaterraform",
            "subnet": [],
            "tags": {
              "aluno": "Roberson",
              "environment": "Production",
              "faculdade": "Impacta",
              "materia": "Infra. and Cloud Computing",
              "turma": "ES23"
            },
            "timeouts": null
          },
          "sensitive_attributes": [],
          "private": "eyJlMmJmYjczMC1lY2FhLTExZTYtOGY4OC0zNDM2M2JjN2M0YzAiOnsiY3JlYXRlIjoxODAwMDAwMDAwMDAwLCJkZWxldGUiOjE4MDAwMDAwMDAwMDAsInJlYWQiOjMwMDAwMDAwMDAwMCwidXBkYXRlIjoxODAwMDAwMDAwMDAwfX0=",
          "dependencies": [
            "azurerm_resource_group.rg-tarefainfracloud"
          ]
        }
      ]
    },
    {
      "mode": "managed",
      "type": "null_resource",
      "name": "install-apache",
      "provider": "provider[\"registry.terraform.io/hashicorp/null\"]",
      "instances": [
        {
          "schema_version": 0,
          "attributes": {
            "id": "4475887476852028760",
            "triggers": null
          },
          "sensitive_attributes": [],
          "private": "bnVsbA==",
          "dependencies": [
            "azurerm_network_interface.nic-tarefainfra",
            "azurerm_public_ip.ip-tarefainfra",
            "azurerm_resource_group.rg-tarefainfracloud",
            "azurerm_subnet.sub-tarefainfra",
            "azurerm_virtual_machine.vm-tarefainfra",
            "azurerm_virtual_network.vnet-tarefainfra",
            "data.azurerm_public_ip.ip-tarefa"
          ]
        }
      ]
    },
    {
      "mode": "managed",
      "type": "null_resource",
      "name": "upload-app",
      "provider": "provider[\"registry.terraform.io/hashicorp/null\"]",
      "instances": [
        {
          "schema_version": 0,
          "attributes": {
            "id": "1968257301006753797",
            "triggers": null
          },
          "sensitive_attributes": [],
          "private": "bnVsbA==",
          "dependencies": [
            "azurerm_network_interface.nic-tarefainfra",
            "azurerm_public_ip.ip-tarefainfra",
            "azurerm_resource_group.rg-tarefainfracloud",
            "azurerm_subnet.sub-tarefainfra",
            "azurerm_virtual_machine.vm-tarefainfra",
            "azurerm_virtual_network.vnet-tarefainfra",
            "data.azurerm_public_ip.ip-tarefa"
          ]
        }
      ]
    }
  ]
}
